
Microsoft Visual Studio Solution File, Format Version 12.00
# Visual Studio Version 17
VisualStudioVersion = 17.7.34221.43
MinimumVisualStudioVersion = 10.0.40219.1
Project("{FAE04EC0-301F-11D3-BF4B-00C04F79EFBC}") = "WinForms_BackgroundService", "WinForms_BackgroundService.csproj", "{E5E72A19-5785-46EF-8509-986648F8F8B7}"
EndProject
Global
	GlobalSection(SolutionConfigurationPlatforms) = preSolution
		Debug|x64 = Debug|x64
		Release|x64 = Release|x64
	EndGlobalSection
	GlobalSection(ProjectConfigurationPlatforms) = postSolution
		{E5E72A19-5785-46EF-8509-986648F8F8B7}.Debug|x64.ActiveCfg = Debug|x64
		{E5E72A19-5785-46EF-8509-986648F8F8B7}.Debug|x64.Build.0 = Debug|x64
		{E5E72A19-5785-46EF-8509-986648F8F8B7}.Release|x64.ActiveCfg = Release|x64
		{E5E72A19-5785-46EF-8509-986648F8F8B7}.Release|x64.Build.0 = Release|x64
	EndGlobalSection
	GlobalSection(SolutionProperties) = preSolution
		HideSolutionNode = FALSE
	EndGlobalSection
	GlobalSection(ExtensibilityGlobals) = postSolution
		SolutionGuid = {247CA826-A369-4361-8803-1992C843A7B5}
	EndGlobalSection
EndGlobal
