
Microsoft Visual Studio Solution File, Format Version 12.00
# Visual Studio Version 17
VisualStudioVersion = 17.6.33801.468
MinimumVisualStudioVersion = 10.0.40219.1
Project("{FAE04EC0-301F-11D3-BF4B-00C04F79EFBC}") = "RaidToolkitExtension1", "RaidToolkitExtension1.csproj", "{D59068C5-C365-4AD6-8CA2-DFED082EAC64}"
EndProject
Global
	GlobalSection(SolutionConfigurationPlatforms) = preSolution
		Debug|x64 = Debug|x64
		Release|x64 = Release|x64
	EndGlobalSection
	GlobalSection(ProjectConfigurationPlatforms) = postSolution
		{D59068C5-C365-4AD6-8CA2-DFED082EAC64}.Debug|x64.ActiveCfg = Debug|x64
		{D59068C5-C365-4AD6-8CA2-DFED082EAC64}.Debug|x64.Build.0 = Debug|x64
		{D59068C5-C365-4AD6-8CA2-DFED082EAC64}.Release|x64.ActiveCfg = Release|x64
		{D59068C5-C365-4AD6-8CA2-DFED082EAC64}.Release|x64.Build.0 = Release|x64
	EndGlobalSection
	GlobalSection(SolutionProperties) = preSolution
		HideSolutionNode = FALSE
	EndGlobalSection
	GlobalSection(ExtensibilityGlobals) = postSolution
		SolutionGuid = {CCF1EA31-E232-4E14-B7A9-491DA9FBE865}
	EndGlobalSection
EndGlobal
